
Microsoft Visual Studio Solution File, Format Version 12.00
Project("{FAE04EC0-301F-11D3-BF4B-00C04F79EFBC}") = "rereSqlite - Headliner", "rereSqlite - Headliner\rereSqlite - Headliner.csproj", "{19893C06-A79A-4715-A9E6-910F857FABAC}"
EndProject
Global
	GlobalSection(SolutionConfigurationPlatforms) = preSolution
		Debug|Any CPU = Debug|Any CPU
		Release|Any CPU = Release|Any CPU
	EndGlobalSection
	GlobalSection(ProjectConfigurationPlatforms) = postSolution
		{19893C06-A79A-4715-A9E6-910F857FABAC}.Debug|Any CPU.ActiveCfg = Debug|Any CPU
		{19893C06-A79A-4715-A9E6-910F857FABAC}.Debug|Any CPU.Build.0 = Debug|Any CPU
		{19893C06-A79A-4715-A9E6-910F857FABAC}.Release|Any CPU.ActiveCfg = Release|Any CPU
		{19893C06-A79A-4715-A9E6-910F857FABAC}.Release|Any CPU.Build.0 = Release|Any CPU
	EndGlobalSection
EndGlobal
